
Microsoft Visual Studio Solution File, Format Version 12.00
# Visual Studio Version 17
VisualStudioVersion = 17.9.34728.123
MinimumVisualStudioVersion = 10.0.40219.1
Project("{9A19103F-16F7-4668-BE54-9A1E7A4F7556}") = "LabWork4", "LabWork4\LabWork4.csproj", "{A414254A-7CEF-4A77-9D58-1E781D93AAE5}"
EndProject
Project("{9A19103F-16F7-4668-BE54-9A1E7A4F7556}") = "LabWork4.Desktop", "LabWork4.Desktop\LabWork4.Desktop.csproj", "{0A174F3C-A245-40FC-B563-D981079E21FB}"
EndProject
Global
	GlobalSection(SolutionConfigurationPlatforms) = preSolution
		Debug|Any CPU = Debug|Any CPU
		Release|Any CPU = Release|Any CPU
	EndGlobalSection
	GlobalSection(ProjectConfigurationPlatforms) = postSolution
		{A414254A-7CEF-4A77-9D58-1E781D93AAE5}.Debug|Any CPU.ActiveCfg = Debug|Any CPU
		{A414254A-7CEF-4A77-9D58-1E781D93AAE5}.Debug|Any CPU.Build.0 = Debug|Any CPU
		{A414254A-7CEF-4A77-9D58-1E781D93AAE5}.Release|Any CPU.ActiveCfg = Release|Any CPU
		{A414254A-7CEF-4A77-9D58-1E781D93AAE5}.Release|Any CPU.Build.0 = Release|Any CPU
		{0A174F3C-A245-40FC-B563-D981079E21FB}.Debug|Any CPU.ActiveCfg = Debug|Any CPU
		{0A174F3C-A245-40FC-B563-D981079E21FB}.Debug|Any CPU.Build.0 = Debug|Any CPU
		{0A174F3C-A245-40FC-B563-D981079E21FB}.Release|Any CPU.ActiveCfg = Release|Any CPU
		{0A174F3C-A245-40FC-B563-D981079E21FB}.Release|Any CPU.Build.0 = Release|Any CPU
	EndGlobalSection
	GlobalSection(SolutionProperties) = preSolution
		HideSolutionNode = FALSE
	EndGlobalSection
	GlobalSection(ExtensibilityGlobals) = postSolution
		SolutionGuid = {4E3074A4-3C93-4BFB-9490-75D2018EDE1D}
	EndGlobalSection
EndGlobal
